
Microsoft Visual Studio Solution File, Format Version 12.00
# Visual Studio Version 17
VisualStudioVersion = 17.0.31903.59
MinimumVisualStudioVersion = 10.0.40219.1
Project("{2150E333-8FDC-42A3-9474-1A3956D46DE8}") = "src", "src", "{827E0CD3-B72D-47B6-A68D-7590B98EB39B}"
EndProject
Project("{FAE04EC0-301F-11D3-BF4B-00C04F79EFBC}") = "PrepHub.Domain", "src\PrepHub.Domain\PrepHub.Domain.csproj", "{C7F9F957-41A1-4E3B-BA4B-7BE2E4829982}"
EndProject
Project("{FAE04EC0-301F-11D3-BF4B-00C04F79EFBC}") = "PrepHub.Application", "src\PrepHub.Application\PrepHub.Application.csproj", "{72AA6554-3A61-434C-A23D-F809B71C24D4}"
EndProject
Project("{FAE04EC0-301F-11D3-BF4B-00C04F79EFBC}") = "PrepHub.Infrastructure", "src\PrepHub.Infrastructure\PrepHub.Infrastructure.csproj", "{4334E3E5-ADE3-4EC6-817C-29CC8E283A73}"
EndProject
Project("{FAE04EC0-301F-11D3-BF4B-00C04F79EFBC}") = "PrepHub.Web", "src\PrepHub.Web\PrepHub.Web.csproj", "{BEA69EF2-7380-45DE-9211-D0ECCA1A536A}"
EndProject
Project("{2150E333-8FDC-42A3-9474-1A3956D46DE8}") = "tests", "tests", "{0AB3BF05-4346-4AA6-1389-037BE0695223}"
EndProject
Project("{FAE04EC0-301F-11D3-BF4B-00C04F79EFBC}") = "PrepHub.Domain.Tests", "tests\PrepHub.Domain.Tests\PrepHub.Domain.Tests.csproj", "{27E2C9F5-0687-45A8-AA88-00B00461FF6A}"
EndProject
Project("{FAE04EC0-301F-11D3-BF4B-00C04F79EFBC}") = "PrepHub.Application.Tests", "tests\PrepHub.Application.Tests\PrepHub.Application.Tests.csproj", "{EC04E338-7DC5-400C-9588-AC67392F0B1A}"
EndProject
Project("{FAE04EC0-301F-11D3-BF4B-00C04F79EFBC}") = "PrepHub.Infrastructure.Tests", "tests\PrepHub.Infrastructure.Tests\PrepHub.Infrastructure.Tests.csproj", "{C9108D51-F15A-4D7E-A468-3A8845502DE9}"
EndProject
Project("{FAE04EC0-301F-11D3-BF4B-00C04F79EFBC}") = "PrepHub.Web.Tests", "tests\PrepHub.Web.Tests\PrepHub.Web.Tests.csproj", "{F2F23ABD-DA29-4B42-B158-F5145E83C6F8}"
EndProject
Global
	GlobalSection(SolutionConfigurationPlatforms) = preSolution
		Debug|Any CPU = Debug|Any CPU
		Debug|x64 = Debug|x64
		Debug|x86 = Debug|x86
		Release|Any CPU = Release|Any CPU
		Release|x64 = Release|x64
		Release|x86 = Release|x86
	EndGlobalSection
	GlobalSection(ProjectConfigurationPlatforms) = postSolution
		{C7F9F957-41A1-4E3B-BA4B-7BE2E4829982}.Debug|Any CPU.ActiveCfg = Debug|Any CPU
		{C7F9F957-41A1-4E3B-BA4B-7BE2E4829982}.Debug|Any CPU.Build.0 = Debug|Any CPU
		{C7F9F957-41A1-4E3B-BA4B-7BE2E4829982}.Debug|x64.ActiveCfg = Debug|Any CPU
		{C7F9F957-41A1-4E3B-BA4B-7BE2E4829982}.Debug|x64.Build.0 = Debug|Any CPU
		{C7F9F957-41A1-4E3B-BA4B-7BE2E4829982}.Debug|x86.ActiveCfg = Debug|Any CPU
		{C7F9F957-41A1-4E3B-BA4B-7BE2E4829982}.Debug|x86.Build.0 = Debug|Any CPU
		{C7F9F957-41A1-4E3B-BA4B-7BE2E4829982}.Release|Any CPU.ActiveCfg = Release|Any CPU
		{C7F9F957-41A1-4E3B-BA4B-7BE2E4829982}.Release|Any CPU.Build.0 = Release|Any CPU
		{C7F9F957-41A1-4E3B-BA4B-7BE2E4829982}.Release|x64.ActiveCfg = Release|Any CPU
		{C7F9F957-41A1-4E3B-BA4B-7BE2E4829982}.Release|x64.Build.0 = Release|Any CPU
		{C7F9F957-41A1-4E3B-BA4B-7BE2E4829982}.Release|x86.ActiveCfg = Release|Any CPU
		{C7F9F957-41A1-4E3B-BA4B-7BE2E4829982}.Release|x86.Build.0 = Release|Any CPU
		{72AA6554-3A61-434C-A23D-F809B71C24D4}.Debug|Any CPU.ActiveCfg = Debug|Any CPU
		{72AA6554-3A61-434C-A23D-F809B71C24D4}.Debug|Any CPU.Build.0 = Debug|Any CPU
		{72AA6554-3A61-434C-A23D-F809B71C24D4}.Debug|x64.ActiveCfg = Debug|Any CPU
		{72AA6554-3A61-434C-A23D-F809B71C24D4}.Debug|x64.Build.0 = Debug|Any CPU
		{72AA6554-3A61-434C-A23D-F809B71C24D4}.Debug|x86.ActiveCfg = Debug|Any CPU
		{72AA6554-3A61-434C-A23D-F809B71C24D4}.Debug|x86.Build.0 = Debug|Any CPU
		{72AA6554-3A61-434C-A23D-F809B71C24D4}.Release|Any CPU.ActiveCfg = Release|Any CPU
		{72AA6554-3A61-434C-A23D-F809B71C24D4}.Release|Any CPU.Build.0 = Release|Any CPU
		{72AA6554-3A61-434C-A23D-F809B71C24D4}.Release|x64.ActiveCfg = Release|Any CPU
		{72AA6554-3A61-434C-A23D-F809B71C24D4}.Release|x64.Build.0 = Release|Any CPU
		{72AA6554-3A61-434C-A23D-F809B71C24D4}.Release|x86.ActiveCfg = Release|Any CPU
		{72AA6554-3A61-434C-A23D-F809B71C24D4}.Release|x86.Build.0 = Release|Any CPU
		{4334E3E5-ADE3-4EC6-817C-29CC8E283A73}.Debug|Any CPU.ActiveCfg = Debug|Any CPU
		{4334E3E5-ADE3-4EC6-817C-29CC8E283A73}.Debug|Any CPU.Build.0 = Debug|Any CPU
		{4334E3E5-ADE3-4EC6-817C-29CC8E283A73}.Debug|x64.ActiveCfg = Debug|Any CPU
		{4334E3E5-ADE3-4EC6-817C-29CC8E283A73}.Debug|x64.Build.0 = Debug|Any CPU
		{4334E3E5-ADE3-4EC6-817C-29CC8E283A73}.Debug|x86.ActiveCfg = Debug|Any CPU
		{4334E3E5-ADE3-4EC6-817C-29CC8E283A73}.Debug|x86.Build.0 = Debug|Any CPU
		{4334E3E5-ADE3-4EC6-817C-29CC8E283A73}.Release|Any CPU.ActiveCfg = Release|Any CPU
		{4334E3E5-ADE3-4EC6-817C-29CC8E283A73}.Release|Any CPU.Build.0 = Release|Any CPU
		{4334E3E5-ADE3-4EC6-817C-29CC8E283A73}.Release|x64.ActiveCfg = Release|Any CPU
		{4334E3E5-ADE3-4EC6-817C-29CC8E283A73}.Release|x64.Build.0 = Release|Any CPU
		{4334E3E5-ADE3-4EC6-817C-29CC8E283A73}.Release|x86.ActiveCfg = Release|Any CPU
		{4334E3E5-ADE3-4EC6-817C-29CC8E283A73}.Release|x86.Build.0 = Release|Any CPU
		{BEA69EF2-7380-45DE-9211-D0ECCA1A536A}.Debug|Any CPU.ActiveCfg = Debug|Any CPU
		{BEA69EF2-7380-45DE-9211-D0ECCA1A536A}.Debug|Any CPU.Build.0 = Debug|Any CPU
		{BEA69EF2-7380-45DE-9211-D0ECCA1A536A}.Debug|x64.ActiveCfg = Debug|Any CPU
		{BEA69EF2-7380-45DE-9211-D0ECCA1A536A}.Debug|x64.Build.0 = Debug|Any CPU
		{BEA69EF2-7380-45DE-9211-D0ECCA1A536A}.Debug|x86.ActiveCfg = Debug|Any CPU
		{BEA69EF2-7380-45DE-9211-D0ECCA1A536A}.Debug|x86.Build.0 = Debug|Any CPU
		{BEA69EF2-7380-45DE-9211-D0ECCA1A536A}.Release|Any CPU.ActiveCfg = Release|Any CPU
		{BEA69EF2-7380-45DE-9211-D0ECCA1A536A}.Release|Any CPU.Build.0 = Release|Any CPU
		{BEA69EF2-7380-45DE-9211-D0ECCA1A536A}.Release|x64.ActiveCfg = Release|Any CPU
		{BEA69EF2-7380-45DE-9211-D0ECCA1A536A}.Release|x64.Build.0 = Release|Any CPU
		{BEA69EF2-7380-45DE-9211-D0ECCA1A536A}.Release|x86.ActiveCfg = Release|Any CPU
		{BEA69EF2-7380-45DE-9211-D0ECCA1A536A}.Release|x86.Build.0 = Release|Any CPU
		{27E2C9F5-0687-45A8-AA88-00B00461FF6A}.Debug|Any CPU.ActiveCfg = Debug|Any CPU
		{27E2C9F5-0687-45A8-AA88-00B00461FF6A}.Debug|Any CPU.Build.0 = Debug|Any CPU
		{27E2C9F5-0687-45A8-AA88-00B00461FF6A}.Debug|x64.ActiveCfg = Debug|Any CPU
		{27E2C9F5-0687-45A8-AA88-00B00461FF6A}.Debug|x64.Build.0 = Debug|Any CPU
		{27E2C9F5-0687-45A8-AA88-00B00461FF6A}.Debug|x86.ActiveCfg = Debug|Any CPU
		{27E2C9F5-0687-45A8-AA88-00B00461FF6A}.Debug|x86.Build.0 = Debug|Any CPU
		{27E2C9F5-0687-45A8-AA88-00B00461FF6A}.Release|Any CPU.ActiveCfg = Release|Any CPU
		{27E2C9F5-0687-45A8-AA88-00B00461FF6A}.Release|Any CPU.Build.0 = Release|Any CPU
		{27E2C9F5-0687-45A8-AA88-00B00461FF6A}.Release|x64.ActiveCfg = Release|Any CPU
		{27E2C9F5-0687-45A8-AA88-00B00461FF6A}.Release|x64.Build.0 = Release|Any CPU
		{27E2C9F5-0687-45A8-AA88-00B00461FF6A}.Release|x86.ActiveCfg = Release|Any CPU
		{27E2C9F5-0687-45A8-AA88-00B00461FF6A}.Release|x86.Build.0 = Release|Any CPU
		{EC04E338-7DC5-400C-9588-AC67392F0B1A}.Debug|Any CPU.ActiveCfg = Debug|Any CPU
		{EC04E338-7DC5-400C-9588-AC67392F0B1A}.Debug|Any CPU.Build.0 = Debug|Any CPU
		{EC04E338-7DC5-400C-9588-AC67392F0B1A}.Debug|x64.ActiveCfg = Debug|Any CPU
		{EC04E338-7DC5-400C-9588-AC67392F0B1A}.Debug|x64.Build.0 = Debug|Any CPU
		{EC04E338-7DC5-400C-9588-AC67392F0B1A}.Debug|x86.ActiveCfg = Debug|Any CPU
		{EC04E338-7DC5-400C-9588-AC67392F0B1A}.Debug|x86.Build.0 = Debug|Any CPU
		{EC04E338-7DC5-400C-9588-AC67392F0B1A}.Release|Any CPU.ActiveCfg = Release|Any CPU
		{EC04E338-7DC5-400C-9588-AC67392F0B1A}.Release|Any CPU.Build.0 = Release|Any CPU
		{EC04E338-7DC5-400C-9588-AC67392F0B1A}.Release|x64.ActiveCfg = Release|Any CPU
		{EC04E338-7DC5-400C-9588-AC67392F0B1A}.Release|x64.Build.0 = Release|Any CPU
		{EC04E338-7DC5-400C-9588-AC67392F0B1A}.Release|x86.ActiveCfg = Release|Any CPU
		{EC04E338-7DC5-400C-9588-AC67392F0B1A}.Release|x86.Build.0 = Release|Any CPU
		{C9108D51-F15A-4D7E-A468-3A8845502DE9}.Debug|Any CPU.ActiveCfg = Debug|Any CPU
		{C9108D51-F15A-4D7E-A468-3A8845502DE9}.Debug|Any CPU.Build.0 = Debug|Any CPU
		{C9108D51-F15A-4D7E-A468-3A8845502DE9}.Debug|x64.ActiveCfg = Debug|Any CPU
		{C9108D51-F15A-4D7E-A468-3A8845502DE9}.Debug|x64.Build.0 = Debug|Any CPU
		{C9108D51-F15A-4D7E-A468-3A8845502DE9}.Debug|x86.ActiveCfg = Debug|Any CPU
		{C9108D51-F15A-4D7E-A468-3A8845502DE9}.Debug|x86.Build.0 = Debug|Any CPU
		{C9108D51-F15A-4D7E-A468-3A8845502DE9}.Release|Any CPU.ActiveCfg = Release|Any CPU
		{C9108D51-F15A-4D7E-A468-3A8845502DE9}.Release|Any CPU.Build.0 = Release|Any CPU
		{C9108D51-F15A-4D7E-A468-3A8845502DE9}.Release|x64.ActiveCfg = Release|Any CPU
		{C9108D51-F15A-4D7E-A468-3A8845502DE9}.Release|x64.Build.0 = Release|Any CPU
		{C9108D51-F15A-4D7E-A468-3A8845502DE9}.Release|x86.ActiveCfg = Release|Any CPU
		{C9108D51-F15A-4D7E-A468-3A8845502DE9}.Release|x86.Build.0 = Release|Any CPU
		{F2F23ABD-DA29-4B42-B158-F5145E83C6F8}.Debug|Any CPU.ActiveCfg = Debug|Any CPU
		{F2F23ABD-DA29-4B42-B158-F5145E83C6F8}.Debug|Any CPU.Build.0 = Debug|Any CPU
		{F2F23ABD-DA29-4B42-B158-F5145E83C6F8}.Debug|x64.ActiveCfg = Debug|Any CPU
		{F2F23ABD-DA29-4B42-B158-F5145E83C6F8}.Debug|x64.Build.0 = Debug|Any CPU
		{F2F23ABD-DA29-4B42-B158-F5145E83C6F8}.Debug|x86.ActiveCfg = Debug|Any CPU
		{F2F23ABD-DA29-4B42-B158-F5145E83C6F8}.Debug|x86.Build.0 = Debug|Any CPU
		{F2F23ABD-DA29-4B42-B158-F5145E83C6F8}.Release|Any CPU.ActiveCfg = Release|Any CPU
		{F2F23ABD-DA29-4B42-B158-F5145E83C6F8}.Release|Any CPU.Build.0 = Release|Any CPU
		{F2F23ABD-DA29-4B42-B158-F5145E83C6F8}.Release|x64.ActiveCfg = Release|Any CPU
		{F2F23ABD-DA29-4B42-B158-F5145E83C6F8}.Release|x64.Build.0 = Release|Any CPU
		{F2F23ABD-DA29-4B42-B158-F5145E83C6F8}.Release|x86.ActiveCfg = Release|Any CPU
		{F2F23ABD-DA29-4B42-B158-F5145E83C6F8}.Release|x86.Build.0 = Release|Any CPU
	EndGlobalSection
	GlobalSection(SolutionProperties) = preSolution
		HideSolutionNode = FALSE
	EndGlobalSection
	GlobalSection(NestedProjects) = preSolution
		{C7F9F957-41A1-4E3B-BA4B-7BE2E4829982} = {827E0CD3-B72D-47B6-A68D-7590B98EB39B}
		{72AA6554-3A61-434C-A23D-F809B71C24D4} = {827E0CD3-B72D-47B6-A68D-7590B98EB39B}
		{4334E3E5-ADE3-4EC6-817C-29CC8E283A73} = {827E0CD3-B72D-47B6-A68D-7590B98EB39B}
		{BEA69EF2-7380-45DE-9211-D0ECCA1A536A} = {827E0CD3-B72D-47B6-A68D-7590B98EB39B}
		{27E2C9F5-0687-45A8-AA88-00B00461FF6A} = {0AB3BF05-4346-4AA6-1389-037BE0695223}
		{EC04E338-7DC5-400C-9588-AC67392F0B1A} = {0AB3BF05-4346-4AA6-1389-037BE0695223}
		{C9108D51-F15A-4D7E-A468-3A8845502DE9} = {0AB3BF05-4346-4AA6-1389-037BE0695223}
		{F2F23ABD-DA29-4B42-B158-F5145E83C6F8} = {0AB3BF05-4346-4AA6-1389-037BE0695223}
	EndGlobalSection
EndGlobal
